
Microsoft Visual Studio Solution File, Format Version 12.00
# Visual Studio Version 16
VisualStudioVersion = 16.0.29326.143
MinimumVisualStudioVersion = 10.0.40219.1
Project("{FAE04EC0-301F-11D3-BF4B-00C04F79EFBC}") = "Andrei_Razvan_Lab2", "Andrei_Razvan_Lab2.csproj", "{295C2586-D9E0-4FEF-BD9C-2101AB0B32AA}"
EndProject
Global
	GlobalSection(SolutionConfigurationPlatforms) = preSolution
		Debug|Any CPU = Debug|Any CPU
		Release|Any CPU = Release|Any CPU
	EndGlobalSection
	GlobalSection(ProjectConfigurationPlatforms) = postSolution
		{295C2586-D9E0-4FEF-BD9C-2101AB0B32AA}.Debug|Any CPU.ActiveCfg = Debug|Any CPU
		{295C2586-D9E0-4FEF-BD9C-2101AB0B32AA}.Debug|Any CPU.Build.0 = Debug|Any CPU
		{295C2586-D9E0-4FEF-BD9C-2101AB0B32AA}.Release|Any CPU.ActiveCfg = Release|Any CPU
		{295C2586-D9E0-4FEF-BD9C-2101AB0B32AA}.Release|Any CPU.Build.0 = Release|Any CPU
	EndGlobalSection
	GlobalSection(SolutionProperties) = preSolution
		HideSolutionNode = FALSE
	EndGlobalSection
	GlobalSection(ExtensibilityGlobals) = postSolution
		SolutionGuid = {594D7F87-E737-418F-B720-0782F0D5C861}
	EndGlobalSection
EndGlobal
